// !$*UTF8*$!
{
	archiveVersion = 1;
	classes = {
	};
	objectVersion = 50;
	objects = {

/* Begin PBXBuildFile section */
		7FBDA9D5F640357C6568247D /* Pods_Flowers.framework in Frameworks */ = {isa = PBXBuildFile; fileRef = 138E0D3DB93CF9BC86A59DCF /* Pods_Flowers.framework */; };
		CBBCBC81232C3A8A00CB94A9 /* AppDelegate.swift in Sources */ = {isa = PBXBuildFile; fileRef = CBBCBC80232C3A8A00CB94A9 /* AppDelegate.swift */; };
		CBBCBC83232C3A8A00CB94A9 /* ViewController.swift in Sources */ = {isa = PBXBuildFile; fileRef = CBBCBC82232C3A8A00CB94A9 /* ViewController.swift */; };
		CBBCBC86232C3A8A00CB94A9 /* Main.storyboard in Resources */ = {isa = PBXBuildFile; fileRef = CBBCBC84232C3A8A00CB94A9 /* Main.storyboard */; };
		CBBCBC88232C3A8B00CB94A9 /* Assets.xcassets in Resources */ = {isa = PBXBuildFile; fileRef = CBBCBC87232C3A8B00CB94A9 /* Assets.xcassets */; };
		CBBCBC8B232C3A8B00CB94A9 /* LaunchScreen.storyboard in Resources */ = {isa = PBXBuildFile; fileRef = CBBCBC89232C3A8B00CB94A9 /* LaunchScreen.storyboard */; };
		CBBCBC93232C3A9800CB94A9 /* FlowerClassifier.mlmodel in Sources */ = {isa = PBXBuildFile; fileRef = CBBCBC92232C3A9800CB94A9 /* FlowerClassifier.mlmodel */; };
/* End PBXBuildFile section */

/* Begin PBXFileReference section */
		0E2E94DF873EF3B4D3B59202 /* Pods-Flowers.debug.xcconfig */ = {isa = PBXFileReference; includeInIndex = 1; lastKnownFileType = text.xcconfig; name = "Pods-Flowers.debug.xcconfig"; path = "Target Support Files/Pods-Flowers/Pods-Flowers.debug.xcconfig"; sourceTree = "<group>"; };
		138E0D3DB93CF9BC86A59DCF /* Pods_Flowers.framework */ = {isa = PBXFileReference; explicitFileType = wrapper.framework; includeInIndex = 0; path = Pods_Flowers.framework; sourceTree = BUILT_PRODUCTS_DIR; };
		CBBCBC7D232C3A8A00CB94A9 /* Flowers.app */ = {isa = PBXFileReference; explicitFileType = wrapper.application; includeInIndex = 0; path = Flowers.app; sourceTree = BUILT_PRODUCTS_DIR; };
		CBBCBC80232C3A8A00CB94A9 /* AppDelegate.swift */ = {isa = PBXFileReference; lastKnownFileType = sourcecode.swift; path = AppDelegate.swift; sourceTree = "<group>"; };
		CBBCBC82232C3A8A00CB94A9 /* ViewController.swift */ = {isa = PBXFileReference; lastKnownFileType = sourcecode.swift; path = ViewController.swift; sourceTree = "<group>"; };
		CBBCBC85232C3A8A00CB94A9 /* Base */ = {isa = PBXFileReference; lastKnownFileType = file.storyboard; name = Base; path = Base.lproj/Main.storyboard; sourceTree = "<group>"; };
		CBBCBC87232C3A8B00CB94A9 /* Assets.xcassets */ = {isa = PBXFileReference; lastKnownFileType = folder.assetcatalog; path = Assets.xcassets; sourceTree = "<group>"; };
		CBBCBC8A232C3A8B00CB94A9 /* Base */ = {isa = PBXFileReference; lastKnownFileType = file.storyboard; name = Base; path = Base.lproj/LaunchScreen.storyboard; sourceTree = "<group>"; };
		CBBCBC8C232C3A8B00CB94A9 /* Info.plist */ = {isa = PBXFileReference; lastKnownFileType = text.plist.xml; path = Info.plist; sourceTree = "<group>"; };
		CBBCBC92232C3A9800CB94A9 /* FlowerClassifier.mlmodel */ = {isa = PBXFileReference; lastKnownFileType = file.mlmodel; path = FlowerClassifier.mlmodel; sourceTree = "<group>"; };
		EF551C2CAAA697E49298C2B3 /* Pods-Flowers.release.xcconfig */ = {isa = PBXFileReference; includeInIndex = 1; lastKnownFileType = text.xcconfig; name = "Pods-Flowers.release.xcconfig"; path = "Target Support Files/Pods-Flowers/Pods-Flowers.release.xcconfig"; sourceTree = "<group>"; };
/* End PBXFileReference section */

/* Begin PBXFrameworksBuildPhase section */
		CBBCBC7A232C3A8A00CB94A9 /* Frameworks */ = {
			isa = PBXFrameworksBuildPhase;
			buildActionMask = 2147483647;
			files = (
				7FBDA9D5F640357C6568247D /* Pods_Flowers.framework in Frameworks */,
			);
			runOnlyForDeploymentPostprocessing = 0;
		};
/* End PBXFrameworksBuildPhase section */

/* Begin PBXGroup section */
		08BA9BA21CCF58A694B96F3D /* Pods */ = {
			isa = PBXGroup;
			children = (
				0E2E94DF873EF3B4D3B59202 /* Pods-Flowers.debug.xcconfig */,
				EF551C2CAAA697E49298C2B3 /* Pods-Flowers.release.xcconfig */,
			);
			name = Pods;
			path = Pods;
			sourceTree = "<group>";
		};
		4BE4C34673743EEC36AB954E /* Frameworks */ = {
			isa = PBXGroup;
			children = (
				138E0D3DB93CF9BC86A59DCF /* Pods_Flowers.framework */,
			);
			name = Frameworks;
			sourceTree = "<group>";
		};
		CBBCBC74232C3A8A00CB94A9 = {
			isa = PBXGroup;
			children = (
				CBBCBC7F232C3A8A00CB94A9 /* Flowers */,
				CBBCBC7E232C3A8A00CB94A9 /* Products */,
				08BA9BA21CCF58A694B96F3D /* Pods */,
				4BE4C34673743EEC36AB954E /* Frameworks */,
			);
			sourceTree = "<group>";
		};
		CBBCBC7E232C3A8A00CB94A9 /* Products */ = {
			isa = PBXGroup;
			children = (
				CBBCBC7D232C3A8A00CB94A9 /* Flowers.app */,
			);
			name = Products;
			sourceTree = "<group>";
		};
		CBBCBC7F232C3A8A00CB94A9 /* Flowers */ = {
			isa = PBXGroup;
			children = (
				CBBCBC80232C3A8A00CB94A9 /* AppDelegate.swift */,
				CBBCBC82232C3A8A00CB94A9 /* ViewController.swift */,
				CBBCBC84232C3A8A00CB94A9 /* Main.storyboard */,
				CBBCBC87232C3A8B00CB94A9 /* Assets.xcassets */,
				CBBCBC92232C3A9800CB94A9 /* FlowerClassifier.mlmodel */,
				CBBCBC89232C3A8B00CB94A9 /* LaunchScreen.storyboard */,
				CBBCBC8C232C3A8B00CB94A9 /* Info.plist */,
			);
			path = Flowers;
			sourceTree = "<group>";
		};
/* End PBXGroup section */

/* Begin PBXNativeTarget section */
		CBBCBC7C232C3A8A00CB94A9 /* Flowers */ = {
			isa = PBXNativeTarget;
			buildConfigurationList = CBBCBC8F232C3A8B00CB94A9 /* Build configuration list for PBXNativeTarget "Flowers" */;
			buildPhases = (
				AE0001320A996BD0DC52F4A1 /* [CP] Check Pods Manifest.lock */,
				CBBCBC79232C3A8A00CB94A9 /* Sources */,
				CBBCBC7A232C3A8A00CB94A9 /* Frameworks */,
				CBBCBC7B232C3A8A00CB94A9 /* Resources */,
				DA48577B619D946256756930 /* [CP] Embed Pods Frameworks */,
			);
			buildRules = (
			);
			dependencies = (
			);
			name = Flowers;
			productName = Flowers;
			productReference = CBBCBC7D232C3A8A00CB94A9 /* Flowers.app */;
			productType = "com.apple.product-type.application";
		};
/* End PBXNativeTarget section */

/* Begin PBXProject section */
		CBBCBC75232C3A8A00CB94A9 /* Project object */ = {
			isa = PBXProject;
			attributes = {
				LastSwiftUpdateCheck = 1030;
				LastUpgradeCheck = 1030;
				ORGANIZATIONNAME = "Connor Boyce";
				TargetAttributes = {
					CBBCBC7C232C3A8A00CB94A9 = {
						CreatedOnToolsVersion = 10.3;
					};
				};
			};
			buildConfigurationList = CBBCBC78232C3A8A00CB94A9 /* Build configuration list for PBXProject "Flowers" */;
			compatibilityVersion = "Xcode 9.3";
			developmentRegion = en;
			hasScannedForEncodings = 0;
			knownRegions = (
				en,
				Base,
			);
			mainGroup = CBBCBC74232C3A8A00CB94A9;
			productRefGroup = CBBCBC7E232C3A8A00CB94A9 /* Products */;
			projectDirPath = "";
			projectRoot = "";
			targets = (
				CBBCBC7C232C3A8A00CB94A9 /* Flowers */,
			);
		};
/* End PBXProject section */

/* Begin PBXResourcesBuildPhase section */
		CBBCBC7B232C3A8A00CB94A9 /* Resources */ = {
			isa = PBXResourcesBuildPhase;
			buildActionMask = 2147483647;
			files = (
				CBBCBC8B232C3A8B00CB94A9 /* LaunchScreen.storyboard in Resources */,
				CBBCBC88232C3A8B00CB94A9 /* Assets.xcassets in Resources */,
				CBBCBC86232C3A8A00CB94A9 /* Main.storyboard in Resources */,
			);
			runOnlyForDeploymentPostprocessing = 0;
		};
/* End PBXResourcesBuildPhase section */

/* Begin PBXShellScriptBuildPhase section */
		AE0001320A996BD0DC52F4A1 /* [CP] Check Pods Manifest.lock */ = {
			isa = PBXShellScriptBuildPhase;
			buildActionMask = 2147483647;
			files = (
			);
			inputFileListPaths = (
			);
			inputPaths = (
				"${PODS_PODFILE_DIR_PATH}/Podfile.lock",
				"${PODS_ROOT}/Manifest.lock",
			);
			name = "[CP] Check Pods Manifest.lock";
			outputFileListPaths = (
			);
			outputPaths = (
				"$(DERIVED_FILE_DIR)/Pods-Flowers-checkManifestLockResult.txt",
			);
			runOnlyForDeploymentPostprocessing = 0;
			shellPath = /bin/sh;
			shellScript = "diff \"${PODS_PODFILE_DIR_PATH}/Podfile.lock\" \"${PODS_ROOT}/Manifest.lock\" > /dev/null\nif [ $? != 0 ] ; then\n    # print error to STDERR\n    echo \"error: The sandbox is not in sync with the Podfile.lock. Run 'pod install' or update your CocoaPods installation.\" >&2\n    exit 1\nfi\n# This output is used by Xcode 'outputs' to avoid re-running this script phase.\necho \"SUCCESS\" > \"${SCRIPT_OUTPUT_FILE_0}\"\n";
			showEnvVarsInLog = 0;
		};
		DA48577B619D946256756930 /* [CP] Embed Pods Frameworks */ = {
			isa = PBXShellScriptBuildPhase;
			buildActionMask = 2147483647;
			files = (
			);
			inputFileListPaths = (
				"${PODS_ROOT}/Target Support Files/Pods-Flowers/Pods-Flowers-frameworks-${CONFIGURATION}-input-files.xcfilelist",
			);
			name = "[CP] Embed Pods Frameworks";
			outputFileListPaths = (
				"${PODS_ROOT}/Target Support Files/Pods-Flowers/Pods-Flowers-frameworks-${CONFIGURATION}-output-files.xcfilelist",
			);
			runOnlyForDeploymentPostprocessing = 0;
			shellPath = /bin/sh;
			shellScript = "\"${PODS_ROOT}/Target Support Files/Pods-Flowers/Pods-Flowers-frameworks.sh\"\n";
			showEnvVarsInLog = 0;
		};
/* End PBXShellScriptBuildPhase section */

/* Begin PBXSourcesBuildPhase section */
		CBBCBC79232C3A8A00CB94A9 /* Sources */ = {
			isa = PBXSourcesBuildPhase;
			buildActionMask = 2147483647;
			files = (
				CBBCBC93232C3A9800CB94A9 /* FlowerClassifier.mlmodel in Sources */,
				CBBCBC83232C3A8A00CB94A9 /* ViewController.swift in Sources */,
				CBBCBC81232C3A8A00CB94A9 /* AppDelegate.swift in Sources */,
			);
			runOnlyForDeploymentPostprocessing = 0;
		};
/* End PBXSourcesBuildPhase section */

/* Begin PBXVariantGroup section */
		CBBCBC84232C3A8A00CB94A9 /* Main.storyboard */ = {
			isa = PBXVariantGroup;
			children = (
				CBBCBC85232C3A8A00CB94A9 /* Base */,
			);
			name = Main.storyboard;
			sourceTree = "<group>";
		};
		CBBCBC89232C3A8B00CB94A9 /* LaunchScreen.storyboard */ = {
			isa = PBXVariantGroup;
			children = (
				CBBCBC8A232C3A8B00CB94A9 /* Base */,
			);
			name = LaunchScreen.storyboard;
			sourceTree = "<group>";
		};
/* End PBXVariantGroup section */

/* Begin XCBuildConfiguration section */
		CBBCBC8D232C3A8B00CB94A9 /* Debug */ = {
			isa = XCBuildConfiguration;
			buildSettings = {
				ALWAYS_SEARCH_USER_PATHS = NO;
				CLANG_ANALYZER_NONNULL = YES;
				CLANG_ANALYZER_NUMBER_OBJECT_CONVERSION = YES_AGGRESSIVE;
				CLANG_CXX_LANGUAGE_STANDARD = "gnu++14";
				CLANG_CXX_LIBRARY = "libc++";
				CLANG_ENABLE_MODULES = YES;
				CLANG_ENABLE_OBJC_ARC = YES;
				CLANG_ENABLE_OBJC_WEAK = YES;
				CLANG_WARN_BLOCK_CAPTURE_AUTORELEASING = YES;
				CLANG_WARN_BOOL_CONVERSION = YES;
				CLANG_WARN_COMMA = YES;
				CLANG_WARN_CONSTANT_CONVERSION = YES;
				CLANG_WARN_DEPRECATED_OBJC_IMPLEMENTATIONS = YES;
				CLANG_WARN_DIRECT_OBJC_ISA_USAGE = YES_ERROR;
				CLANG_WARN_DOCUMENTATION_COMMENTS = YES;
				CLANG_WARN_EMPTY_BODY = YES;
				CLANG_WARN_ENUM_CONVERSION = YES;
				CLANG_WARN_INFINITE_RECURSION = YES;
				CLANG_WARN_INT_CONVERSION = YES;
				CLANG_WARN_NON_LITERAL_NULL_CONVERSION = YES;
				CLANG_WARN_OBJC_IMPLICIT_RETAIN_SELF = YES;
				CLANG_WARN_OBJC_LITERAL_CONVERSION = YES;
				CLANG_WARN_OBJC_ROOT_CLASS = YES_ERROR;
				CLANG_WARN_RANGE_LOOP_ANALYSIS = YES;
				CLANG_WARN_STRICT_PROTOTYPES = YES;
				CLANG_WARN_SUSPICIOUS_MOVE = YES;
				CLANG_WARN_UNGUARDED_AVAILABILITY = YES_AGGRESSIVE;
				CLANG_WARN_UNREACHABLE_CODE = YES;
				CLANG_WARN__DUPLICATE_METHOD_MATCH = YES;
				CODE_SIGN_IDENTITY = "iPhone Developer";
				COPY_PHASE_STRIP = NO;
				DEBUG_INFORMATION_FORMAT = dwarf;
				ENABLE_STRICT_OBJC_MSGSEND = YES;
				ENABLE_TESTABILITY = YES;
				GCC_C_LANGUAGE_STANDARD = gnu11;
				GCC_DYNAMIC_NO_PIC = NO;
				GCC_NO_COMMON_BLOCKS = YES;
				GCC_OPTIMIZATION_LEVEL = 0;
				GCC_PREPROCESSOR_DEFINITIONS = (
					"DEBUG=1",
					"$(inherited)",
				);
				GCC_WARN_64_TO_32_BIT_CONVERSION = YES;
				GCC_WARN_ABOUT_RETURN_TYPE = YES_ERROR;
				GCC_WARN_UNDECLARED_SELECTOR = YES;
				GCC_WARN_UNINITIALIZED_AUTOS = YES_AGGRESSIVE;
				GCC_WARN_UNUSED_FUNCTION = YES;
				GCC_WARN_UNUSED_VARIABLE = YES;
				IPHONEOS_DEPLOYMENT_TARGET = 12.4;
				MTL_ENABLE_DEBUG_INFO = INCLUDE_SOURCE;
				MTL_FAST_MATH = YES;
				ONLY_ACTIVE_ARCH = YES;
				SDKROOT = iphoneos;
				SWIFT_ACTIVE_COMPILATION_CONDITIONS = DEBUG;
				SWIFT_OPTIMIZATION_LEVEL = "-Onone";
			};
			name = Debug;
		};
		CBBCBC8E232C3A8B00CB94A9 /* Release */ = {
			isa = XCBuildConfiguration;
			buildSettings = {
				ALWAYS_SEARCH_USER_PATHS = NO;
				CLANG_ANALYZER_NONNULL = YES;
				CLANG_ANALYZER_NUMBER_OBJECT_CONVERSION = YES_AGGRESSIVE;
				CLANG_CXX_LANGUAGE_STANDARD = "gnu++14";
				CLANG_CXX_LIBRARY = "libc++";
				CLANG_ENABLE_MODULES = YES;
				CLANG_ENABLE_OBJC_ARC = YES;
				CLANG_ENABLE_OBJC_WEAK = YES;
				CLANG_WARN_BLOCK_CAPTURE_AUTORELEASING = YES;
				CLANG_WARN_BOOL_CONVERSION = YES;
				CLANG_WARN_COMMA = YES;
				CLANG_WARN_CONSTANT_CONVERSION = YES;
				CLANG_WARN_DEPRECATED_OBJC_IMPLEMENTATIONS = YES;
				CLANG_WARN_DIRECT_OBJC_ISA_USAGE = YES_ERROR;
				CLANG_WARN_DOCUMENTATION_COMMENTS = YES;
				CLANG_WARN_EMPTY_BODY = YES;
				CLANG_WARN_ENUM_CONVERSION = YES;
				CLANG_WARN_INFINITE_RECURSION = YES;
				CLANG_WARN_INT_CONVERSION = YES;
				CLANG_WARN_NON_LITERAL_NULL_CONVERSION = YES;
				CLANG_WARN_OBJC_IMPLICIT_RETAIN_SELF = YES;
				CLANG_WARN_OBJC_LITERAL_CONVERSION = YES;
				CLANG_WARN_OBJC_ROOT_CLASS = YES_ERROR;
				CLANG_WARN_RANGE_LOOP_ANALYSIS = YES;
				CLANG_WARN_STRICT_PROTOTYPES = YES;
				CLANG_WARN_SUSPICIOUS_MOVE = YES;
				CLANG_WARN_UNGUARDED_AVAILABILITY = YES_AGGRESSIVE;
				CLANG_WARN_UNREACHABLE_CODE = YES;
				CLANG_WARN__DUPLICATE_METHOD_MATCH = YES;
				CODE_SIGN_IDENTITY = "iPhone Developer";
				COPY_PHASE_STRIP = NO;
				DEBUG_INFORMATION_FORMAT = "dwarf-with-dsym";
				ENABLE_NS_ASSERTIONS = NO;
				ENABLE_STRICT_OBJC_MSGSEND = YES;
				GCC_C_LANGUAGE_STANDARD = gnu11;
				GCC_NO_COMMON_BLOCKS = YES;
				GCC_WARN_64_TO_32_BIT_CONVERSION = YES;
				GCC_WARN_ABOUT_RETURN_TYPE = YES_ERROR;
				GCC_WARN_UNDECLARED_SELECTOR = YES;
				GCC_WARN_UNINITIALIZED_AUTOS = YES_AGGRESSIVE;
				GCC_WARN_UNUSED_FUNCTION = YES;
				GCC_WARN_UNUSED_VARIABLE = YES;
				IPHONEOS_DEPLOYMENT_TARGET = 12.4;
				MTL_ENABLE_DEBUG_INFO = NO;
				MTL_FAST_MATH = YES;
				SDKROOT = iphoneos;
				SWIFT_COMPILATION_MODE = wholemodule;
				SWIFT_OPTIMIZATION_LEVEL = "-O";
				VALIDATE_PRODUCT = YES;
			};
			name = Release;
		};
		CBBCBC90232C3A8B00CB94A9 /* Debug */ = {
			isa = XCBuildConfiguration;
			baseConfigurationReference = 0E2E94DF873EF3B4D3B59202 /* Pods-Flowers.debug.xcconfig */;
			buildSettings = {
				ASSETCATALOG_COMPILER_APPICON_NAME = AppIcon;
				CODE_SIGN_STYLE = Automatic;
				DEVELOPMENT_TEAM = 8W8C8GPY3U;
				INFOPLIST_FILE = Flowers/Info.plist;
				LD_RUNPATH_SEARCH_PATHS = (
					"$(inherited)",
					"@executable_path/Frameworks",
				);
				PRODUCT_BUNDLE_IDENTIFIER = com.connorboyce.Flowers;
				PRODUCT_NAME = "$(TARGET_NAME)";
				SWIFT_VERSION = 5.0;
				TARGETED_DEVICE_FAMILY = "1,2";
			};
			name = Debug;
		};
		CBBCBC91232C3A8B00CB94A9 /* Release */ = {
			isa = XCBuildConfiguration;
			baseConfigurationReference = EF551C2CAAA697E49298C2B3 /* Pods-Flowers.release.xcconfig */;
			buildSettings = {
				ASSETCATALOG_COMPILER_APPICON_NAME = AppIcon;
				CODE_SIGN_STYLE = Automatic;
				DEVELOPMENT_TEAM = 8W8C8GPY3U;
				INFOPLIST_FILE = Flowers/Info.plist;
				LD_RUNPATH_SEARCH_PATHS = (
					"$(inherited)",
					"@executable_path/Frameworks",
				);
				PRODUCT_BUNDLE_IDENTIFIER = com.connorboyce.Flowers;
				PRODUCT_NAME = "$(TARGET_NAME)";
				SWIFT_VERSION = 5.0;
				TARGETED_DEVICE_FAMILY = "1,2";
			};
			name = Release;
		};
/* End XCBuildConfiguration section */

/* Begin XCConfigurationList section */
		CBBCBC78232C3A8A00CB94A9 /* Build configuration list for PBXProject "Flowers" */ = {
			isa = XCConfigurationList;
			buildConfigurations = (
				CBBCBC8D232C3A8B00CB94A9 /* Debug */,
				CBBCBC8E232C3A8B00CB94A9 /* Release */,
			);
			defaultConfigurationIsVisible = 0;
			defaultConfigurationName = Release;
		};
		CBBCBC8F232C3A8B00CB94A9 /* Build configuration list for PBXNativeTarget "Flowers" */ = {
			isa = XCConfigurationList;
			buildConfigurations = (
				CBBCBC90232C3A8B00CB94A9 /* Debug */,
				CBBCBC91232C3A8B00CB94A9 /* Release */,
			);
			defaultConfigurationIsVisible = 0;
			defaultConfigurationName = Release;
		};
/* End XCConfigurationList section */
	};
	rootObject = CBBCBC75232C3A8A00CB94A9 /* Project object */;
}
